
Microsoft Visual Studio Solution File, Format Version 12.00
# Visual Studio Version 17
VisualStudioVersion = 17.3.32819.101
MinimumVisualStudioVersion = 10.0.40219.1
Project("{FAE04EC0-301F-11D3-BF4B-00C04F79EFBC}") = "Doc2Shiping", "Doc2Shiping\Doc2Shiping.csproj", "{015E5787-A175-48EC-AE5B-6736FA0ED38A}"
EndProject
Global
	GlobalSection(SolutionConfigurationPlatforms) = preSolution
		Debug|Any CPU = Debug|Any CPU
		Release|Any CPU = Release|Any CPU
	EndGlobalSection
	GlobalSection(ProjectConfigurationPlatforms) = postSolution
		{015E5787-A175-48EC-AE5B-6736FA0ED38A}.Debug|Any CPU.ActiveCfg = Debug|Any CPU
		{015E5787-A175-48EC-AE5B-6736FA0ED38A}.Debug|Any CPU.Build.0 = Debug|Any CPU
		{015E5787-A175-48EC-AE5B-6736FA0ED38A}.Release|Any CPU.ActiveCfg = Release|Any CPU
		{015E5787-A175-48EC-AE5B-6736FA0ED38A}.Release|Any CPU.Build.0 = Release|Any CPU
	EndGlobalSection
	GlobalSection(SolutionProperties) = preSolution
		HideSolutionNode = FALSE
	EndGlobalSection
	GlobalSection(ExtensibilityGlobals) = postSolution
		SolutionGuid = {87B47EAC-1BEB-49BD-BA66-CCF2130CC5CF}
	EndGlobalSection
EndGlobal
